
Microsoft Visual Studio Solution File, Format Version 12.00
# Visual Studio Version 16
VisualStudioVersion = 16.0.32901.82
MinimumVisualStudioVersion = 10.0.40219.1
Project("{FAE04EC0-301F-11D3-BF4B-00C04F79EFBC}") = "Q3TerrainFromHeightmap", "Q3TerrainFromHeightmap\Q3TerrainFromHeightmap.csproj", "{88534DD7-B6A0-44EC-8D71-1C50A174A65E}"
EndProject
Global
	GlobalSection(SolutionConfigurationPlatforms) = preSolution
		Debug|Any CPU = Debug|Any CPU
		Release|Any CPU = Release|Any CPU
	EndGlobalSection
	GlobalSection(ProjectConfigurationPlatforms) = postSolution
		{88534DD7-B6A0-44EC-8D71-1C50A174A65E}.Debug|Any CPU.ActiveCfg = Debug|Any CPU
		{88534DD7-B6A0-44EC-8D71-1C50A174A65E}.Debug|Any CPU.Build.0 = Debug|Any CPU
		{88534DD7-B6A0-44EC-8D71-1C50A174A65E}.Release|Any CPU.ActiveCfg = Release|Any CPU
		{88534DD7-B6A0-44EC-8D71-1C50A174A65E}.Release|Any CPU.Build.0 = Release|Any CPU
	EndGlobalSection
	GlobalSection(SolutionProperties) = preSolution
		HideSolutionNode = FALSE
	EndGlobalSection
	GlobalSection(ExtensibilityGlobals) = postSolution
		SolutionGuid = {90C6D413-2892-4BE9-AB95-24CE9A00497C}
	EndGlobalSection
EndGlobal
